
Microsoft Visual Studio Solution File, Format Version 11.00
# Visual Studio 2010
Project("{FAE04EC0-301F-11D3-BF4B-00C04F79EFBC}") = "UnityEngine.UI", "UnityEngine.UI.csproj", "{8D92188E-E31E-4FAD-9EDE-CB5D3D57EC6D}"
EndProject
Project("{FAE04EC0-301F-11D3-BF4B-00C04F79EFBC}") = "UnityEngine.TestRunner", "UnityEngine.TestRunner.csproj", "{6F90E4B0-B652-D5EE-801B-A52FF38FE947}"
EndProject
Project("{FAE04EC0-301F-11D3-BF4B-00C04F79EFBC}") = "Unity.TextMeshPro", "Unity.TextMeshPro.csproj", "{E9BD6D6C-2667-F50D-8DE8-D5EE18513140}"
EndProject
Project("{FAE04EC0-301F-11D3-BF4B-00C04F79EFBC}") = "Unity.Timeline", "Unity.Timeline.csproj", "{52A7B1D3-DD63-7E95-E52E-737A749FD5CF}"
EndProject
Project("{FAE04EC0-301F-11D3-BF4B-00C04F79EFBC}") = "Assembly-CSharp", "Assembly-CSharp.csproj", "{3A2AFAEC-E361-1BE6-DD13-58D5FB38D0D3}"
EndProject
Project("{FAE04EC0-301F-11D3-BF4B-00C04F79EFBC}") = "UnityEditor.TestRunner", "UnityEditor.TestRunner.csproj", "{056F9F0B-0F63-E5DE-BF25-0A46653F233A}"
EndProject
Project("{FAE04EC0-301F-11D3-BF4B-00C04F79EFBC}") = "Unity.VisualStudio.Editor", "Unity.VisualStudio.Editor.csproj", "{E3452DFF-D106-E1B3-88A9-2420E41AB5F4}"
EndProject
Project("{FAE04EC0-301F-11D3-BF4B-00C04F79EFBC}") = "Unity.TextMeshPro.Editor", "Unity.TextMeshPro.Editor.csproj", "{39EA27AF-D667-E94A-4077-85781DA565C5}"
EndProject
Project("{FAE04EC0-301F-11D3-BF4B-00C04F79EFBC}") = "Unity.Timeline.Editor", "Unity.Timeline.Editor.csproj", "{F42A98F4-F5EA-D9A9-2411-70A4FA4EE7C5}"
EndProject
Project("{FAE04EC0-301F-11D3-BF4B-00C04F79EFBC}") = "Unity.PlasticSCM.Editor", "Unity.PlasticSCM.Editor.csproj", "{0F604309-6E0C-906D-29AD-58C5843DBA82}"
EndProject
Project("{FAE04EC0-301F-11D3-BF4B-00C04F79EFBC}") = "UnityEditor.UI", "UnityEditor.UI.csproj", "{4F48402E-62D8-A1DF-E352-CA2BEAAEA103}"
EndProject
Project("{FAE04EC0-301F-11D3-BF4B-00C04F79EFBC}") = "Unity.Rider.Editor", "Unity.Rider.Editor.csproj", "{54C9E2DE-7245-CEC1-982E-E7B7D5BBB070}"
EndProject
Project("{FAE04EC0-301F-11D3-BF4B-00C04F79EFBC}") = "Assembly-CSharp-Editor", "Assembly-CSharp-Editor.csproj", "{6EF4A663-0DD1-65B9-BEE3-85F595C3D4AE}"
EndProject
Project("{FAE04EC0-301F-11D3-BF4B-00C04F79EFBC}") = "Unity.CollabProxy.Editor", "Unity.CollabProxy.Editor.csproj", "{E2B19A33-E89A-C24E-6BE8-2634079C2ECB}"
EndProject
Project("{FAE04EC0-301F-11D3-BF4B-00C04F79EFBC}") = "Unity.VSCode.Editor", "Unity.VSCode.Editor.csproj", "{7140DDB7-D771-693A-AE09-E12D97066FD5}"
EndProject
Global
	GlobalSection(SolutionConfigurationPlatforms) = preSolution
		Debug|Any CPU = Debug|Any CPU
		Release|Any CPU = Release|Any CPU
	EndGlobalSection
	GlobalSection(ProjectConfigurationPlatforms) = postSolution
		{8D92188E-E31E-4FAD-9EDE-CB5D3D57EC6D}.Debug|Any CPU.ActiveCfg = Debug|Any CPU
		{8D92188E-E31E-4FAD-9EDE-CB5D3D57EC6D}.Debug|Any CPU.Build.0 = Debug|Any CPU
		{8D92188E-E31E-4FAD-9EDE-CB5D3D57EC6D}.Release|Any CPU.ActiveCfg = Release|Any CPU
		{8D92188E-E31E-4FAD-9EDE-CB5D3D57EC6D}.Release|Any CPU.Build.0 = Release|Any CPU
		{6F90E4B0-B652-D5EE-801B-A52FF38FE947}.Debug|Any CPU.ActiveCfg = Debug|Any CPU
		{6F90E4B0-B652-D5EE-801B-A52FF38FE947}.Debug|Any CPU.Build.0 = Debug|Any CPU
		{6F90E4B0-B652-D5EE-801B-A52FF38FE947}.Release|Any CPU.ActiveCfg = Release|Any CPU
		{6F90E4B0-B652-D5EE-801B-A52FF38FE947}.Release|Any CPU.Build.0 = Release|Any CPU
		{E9BD6D6C-2667-F50D-8DE8-D5EE18513140}.Debug|Any CPU.ActiveCfg = Debug|Any CPU
		{E9BD6D6C-2667-F50D-8DE8-D5EE18513140}.Debug|Any CPU.Build.0 = Debug|Any CPU
		{E9BD6D6C-2667-F50D-8DE8-D5EE18513140}.Release|Any CPU.ActiveCfg = Release|Any CPU
		{E9BD6D6C-2667-F50D-8DE8-D5EE18513140}.Release|Any CPU.Build.0 = Release|Any CPU
		{52A7B1D3-DD63-7E95-E52E-737A749FD5CF}.Debug|Any CPU.ActiveCfg = Debug|Any CPU
		{52A7B1D3-DD63-7E95-E52E-737A749FD5CF}.Debug|Any CPU.Build.0 = Debug|Any CPU
		{52A7B1D3-DD63-7E95-E52E-737A749FD5CF}.Release|Any CPU.ActiveCfg = Release|Any CPU
		{52A7B1D3-DD63-7E95-E52E-737A749FD5CF}.Release|Any CPU.Build.0 = Release|Any CPU
		{3A2AFAEC-E361-1BE6-DD13-58D5FB38D0D3}.Debug|Any CPU.ActiveCfg = Debug|Any CPU
		{3A2AFAEC-E361-1BE6-DD13-58D5FB38D0D3}.Debug|Any CPU.Build.0 = Debug|Any CPU
		{3A2AFAEC-E361-1BE6-DD13-58D5FB38D0D3}.Release|Any CPU.ActiveCfg = Release|Any CPU
		{3A2AFAEC-E361-1BE6-DD13-58D5FB38D0D3}.Release|Any CPU.Build.0 = Release|Any CPU
		{056F9F0B-0F63-E5DE-BF25-0A46653F233A}.Debug|Any CPU.ActiveCfg = Debug|Any CPU
		{056F9F0B-0F63-E5DE-BF25-0A46653F233A}.Debug|Any CPU.Build.0 = Debug|Any CPU
		{056F9F0B-0F63-E5DE-BF25-0A46653F233A}.Release|Any CPU.ActiveCfg = Release|Any CPU
		{056F9F0B-0F63-E5DE-BF25-0A46653F233A}.Release|Any CPU.Build.0 = Release|Any CPU
		{E3452DFF-D106-E1B3-88A9-2420E41AB5F4}.Debug|Any CPU.ActiveCfg = Debug|Any CPU
		{E3452DFF-D106-E1B3-88A9-2420E41AB5F4}.Debug|Any CPU.Build.0 = Debug|Any CPU
		{E3452DFF-D106-E1B3-88A9-2420E41AB5F4}.Release|Any CPU.ActiveCfg = Release|Any CPU
		{E3452DFF-D106-E1B3-88A9-2420E41AB5F4}.Release|Any CPU.Build.0 = Release|Any CPU
		{39EA27AF-D667-E94A-4077-85781DA565C5}.Debug|Any CPU.ActiveCfg = Debug|Any CPU
		{39EA27AF-D667-E94A-4077-85781DA565C5}.Debug|Any CPU.Build.0 = Debug|Any CPU
		{39EA27AF-D667-E94A-4077-85781DA565C5}.Release|Any CPU.ActiveCfg = Release|Any CPU
		{39EA27AF-D667-E94A-4077-85781DA565C5}.Release|Any CPU.Build.0 = Release|Any CPU
		{F42A98F4-F5EA-D9A9-2411-70A4FA4EE7C5}.Debug|Any CPU.ActiveCfg = Debug|Any CPU
		{F42A98F4-F5EA-D9A9-2411-70A4FA4EE7C5}.Debug|Any CPU.Build.0 = Debug|Any CPU
		{F42A98F4-F5EA-D9A9-2411-70A4FA4EE7C5}.Release|Any CPU.ActiveCfg = Release|Any CPU
		{F42A98F4-F5EA-D9A9-2411-70A4FA4EE7C5}.Release|Any CPU.Build.0 = Release|Any CPU
		{0F604309-6E0C-906D-29AD-58C5843DBA82}.Debug|Any CPU.ActiveCfg = Debug|Any CPU
		{0F604309-6E0C-906D-29AD-58C5843DBA82}.Debug|Any CPU.Build.0 = Debug|Any CPU
		{0F604309-6E0C-906D-29AD-58C5843DBA82}.Release|Any CPU.ActiveCfg = Release|Any CPU
		{0F604309-6E0C-906D-29AD-58C5843DBA82}.Release|Any CPU.Build.0 = Release|Any CPU
		{4F48402E-62D8-A1DF-E352-CA2BEAAEA103}.Debug|Any CPU.ActiveCfg = Debug|Any CPU
		{4F48402E-62D8-A1DF-E352-CA2BEAAEA103}.Debug|Any CPU.Build.0 = Debug|Any CPU
		{4F48402E-62D8-A1DF-E352-CA2BEAAEA103}.Release|Any CPU.ActiveCfg = Release|Any CPU
		{4F48402E-62D8-A1DF-E352-CA2BEAAEA103}.Release|Any CPU.Build.0 = Release|Any CPU
		{54C9E2DE-7245-CEC1-982E-E7B7D5BBB070}.Debug|Any CPU.ActiveCfg = Debug|Any CPU
		{54C9E2DE-7245-CEC1-982E-E7B7D5BBB070}.Debug|Any CPU.Build.0 = Debug|Any CPU
		{54C9E2DE-7245-CEC1-982E-E7B7D5BBB070}.Release|Any CPU.ActiveCfg = Release|Any CPU
		{54C9E2DE-7245-CEC1-982E-E7B7D5BBB070}.Release|Any CPU.Build.0 = Release|Any CPU
		{6EF4A663-0DD1-65B9-BEE3-85F595C3D4AE}.Debug|Any CPU.ActiveCfg = Debug|Any CPU
		{6EF4A663-0DD1-65B9-BEE3-85F595C3D4AE}.Debug|Any CPU.Build.0 = Debug|Any CPU
		{6EF4A663-0DD1-65B9-BEE3-85F595C3D4AE}.Release|Any CPU.ActiveCfg = Release|Any CPU
		{6EF4A663-0DD1-65B9-BEE3-85F595C3D4AE}.Release|Any CPU.Build.0 = Release|Any CPU
		{E2B19A33-E89A-C24E-6BE8-2634079C2ECB}.Debug|Any CPU.ActiveCfg = Debug|Any CPU
		{E2B19A33-E89A-C24E-6BE8-2634079C2ECB}.Debug|Any CPU.Build.0 = Debug|Any CPU
		{E2B19A33-E89A-C24E-6BE8-2634079C2ECB}.Release|Any CPU.ActiveCfg = Release|Any CPU
		{E2B19A33-E89A-C24E-6BE8-2634079C2ECB}.Release|Any CPU.Build.0 = Release|Any CPU
		{7140DDB7-D771-693A-AE09-E12D97066FD5}.Debug|Any CPU.ActiveCfg = Debug|Any CPU
		{7140DDB7-D771-693A-AE09-E12D97066FD5}.Debug|Any CPU.Build.0 = Debug|Any CPU
		{7140DDB7-D771-693A-AE09-E12D97066FD5}.Release|Any CPU.ActiveCfg = Release|Any CPU
		{7140DDB7-D771-693A-AE09-E12D97066FD5}.Release|Any CPU.Build.0 = Release|Any CPU
	EndGlobalSection
	GlobalSection(SolutionProperties) = preSolution
		HideSolutionNode = FALSE
	EndGlobalSection
EndGlobal
